
Microsoft Visual Studio Solution File, Format Version 12.00
# Visual Studio Version 16
VisualStudioVersion = 16.0.31321.278
MinimumVisualStudioVersion = 10.0.40219.1
Project("{FAE04EC0-301F-11D3-BF4B-00C04F79EFBC}") = "Basic_Core_Program", "Basic_Core_Program\Basic_Core_Program.csproj", "{97D74493-CAF7-4CEE-BCE5-9C5914BF984E}"
EndProject
Global
	GlobalSection(SolutionConfigurationPlatforms) = preSolution
		Debug|Any CPU = Debug|Any CPU
		Release|Any CPU = Release|Any CPU
	EndGlobalSection
	GlobalSection(ProjectConfigurationPlatforms) = postSolution
		{97D74493-CAF7-4CEE-BCE5-9C5914BF984E}.Debug|Any CPU.ActiveCfg = Debug|Any CPU
		{97D74493-CAF7-4CEE-BCE5-9C5914BF984E}.Debug|Any CPU.Build.0 = Debug|Any CPU
		{97D74493-CAF7-4CEE-BCE5-9C5914BF984E}.Release|Any CPU.ActiveCfg = Release|Any CPU
		{97D74493-CAF7-4CEE-BCE5-9C5914BF984E}.Release|Any CPU.Build.0 = Release|Any CPU
	EndGlobalSection
	GlobalSection(SolutionProperties) = preSolution
		HideSolutionNode = FALSE
	EndGlobalSection
	GlobalSection(ExtensibilityGlobals) = postSolution
		SolutionGuid = {DF8C0465-6C31-42DB-90AD-FCD72437C144}
	EndGlobalSection
EndGlobal
